
Microsoft Visual Studio Solution File, Format Version 11.00
# Visual Studio 2010
Project("{F184B08F-C81C-45F6-A57F-5ABD9991F28F}") = "INstaAPI", "INstaAPI\INstaAPI.vbproj", "{E8B33DA0-388B-4459-841C-76E3E7C46C56}"
EndProject
Global
	GlobalSection(SolutionConfigurationPlatforms) = preSolution
		Debug|Any CPU = Debug|Any CPU
		Release|Any CPU = Release|Any CPU
	EndGlobalSection
	GlobalSection(ProjectConfigurationPlatforms) = postSolution
		{E8B33DA0-388B-4459-841C-76E3E7C46C56}.Debug|Any CPU.ActiveCfg = Debug|Any CPU
		{E8B33DA0-388B-4459-841C-76E3E7C46C56}.Debug|Any CPU.Build.0 = Debug|Any CPU
		{E8B33DA0-388B-4459-841C-76E3E7C46C56}.Release|Any CPU.ActiveCfg = Release|Any CPU
		{E8B33DA0-388B-4459-841C-76E3E7C46C56}.Release|Any CPU.Build.0 = Release|Any CPU
	EndGlobalSection
	GlobalSection(SolutionProperties) = preSolution
		HideSolutionNode = FALSE
	EndGlobalSection
EndGlobal
